// !$*UTF8*$!
{
	archiveVersion = 1;
	classes = {
	};
	objectVersion = 56;
	objects = {

/* Begin PBXBuildFile section */
		BD366FB02AE82A430068E36C /* AppDelegate.m in Sources */ = {isa = PBXBuildFile; fileRef = BD366FAF2AE82A430068E36C /* AppDelegate.m */; };
		BD366FB32AE82A430068E36C /* SceneDelegate.m in Sources */ = {isa = PBXBuildFile; fileRef = BD366FB22AE82A430068E36C /* SceneDelegate.m */; };
		BD366FB62AE82A430068E36C /* ViewController.m in Sources */ = {isa = PBXBuildFile; fileRef = BD366FB52AE82A430068E36C /* ViewController.m */; };
		BD366FB92AE82A430068E36C /* Main.storyboard in Resources */ = {isa = PBXBuildFile; fileRef = BD366FB72AE82A430068E36C /* Main.storyboard */; };
		BD366FBB2AE82A440068E36C /* Assets.xcassets in Resources */ = {isa = PBXBuildFile; fileRef = BD366FBA2AE82A440068E36C /* Assets.xcassets */; };
		BD366FBE2AE82A440068E36C /* LaunchScreen.storyboard in Resources */ = {isa = PBXBuildFile; fileRef = BD366FBC2AE82A440068E36C /* LaunchScreen.storyboard */; };
		BD366FC12AE82A440068E36C /* main.m in Sources */ = {isa = PBXBuildFile; fileRef = BD366FC02AE82A440068E36C /* main.m */; };
		BD366FC92AE82AD70068E36C /* Loader.m in Sources */ = {isa = PBXBuildFile; fileRef = BD366FC82AE82AD70068E36C /* Loader.m */; };
		BD8855F32AF431EF00F3365F /* SecondViewController.m in Sources */ = {isa = PBXBuildFile; fileRef = BD8855F12AF431EF00F3365F /* SecondViewController.m */; };
/* End PBXBuildFile section */

/* Begin PBXFileReference section */
		BD366FAB2AE82A430068E36C /* Lesson_5(2).app */ = {isa = PBXFileReference; explicitFileType = wrapper.application; includeInIndex = 0; path = "Lesson_5(2).app"; sourceTree = BUILT_PRODUCTS_DIR; };
		BD366FAE2AE82A430068E36C /* AppDelegate.h */ = {isa = PBXFileReference; lastKnownFileType = sourcecode.c.h; path = AppDelegate.h; sourceTree = "<group>"; };
		BD366FAF2AE82A430068E36C /* AppDelegate.m */ = {isa = PBXFileReference; lastKnownFileType = sourcecode.c.objc; path = AppDelegate.m; sourceTree = "<group>"; };
		BD366FB12AE82A430068E36C /* SceneDelegate.h */ = {isa = PBXFileReference; lastKnownFileType = sourcecode.c.h; path = SceneDelegate.h; sourceTree = "<group>"; };
		BD366FB22AE82A430068E36C /* SceneDelegate.m */ = {isa = PBXFileReference; lastKnownFileType = sourcecode.c.objc; path = SceneDelegate.m; sourceTree = "<group>"; };
		BD366FB42AE82A430068E36C /* ViewController.h */ = {isa = PBXFileReference; lastKnownFileType = sourcecode.c.h; path = ViewController.h; sourceTree = "<group>"; };
		BD366FB52AE82A430068E36C /* ViewController.m */ = {isa = PBXFileReference; lastKnownFileType = sourcecode.c.objc; path = ViewController.m; sourceTree = "<group>"; };
		BD366FB82AE82A430068E36C /* Base */ = {isa = PBXFileReference; lastKnownFileType = file.storyboard; name = Base; path = Base.lproj/Main.storyboard; sourceTree = "<group>"; };
		BD366FBA2AE82A440068E36C /* Assets.xcassets */ = {isa = PBXFileReference; lastKnownFileType = folder.assetcatalog; path = Assets.xcassets; sourceTree = "<group>"; };
		BD366FBD2AE82A440068E36C /* Base */ = {isa = PBXFileReference; lastKnownFileType = file.storyboard; name = Base; path = Base.lproj/LaunchScreen.storyboard; sourceTree = "<group>"; };
		BD366FBF2AE82A440068E36C /* Info.plist */ = {isa = PBXFileReference; lastKnownFileType = text.plist.xml; path = Info.plist; sourceTree = "<group>"; };
		BD366FC02AE82A440068E36C /* main.m */ = {isa = PBXFileReference; lastKnownFileType = sourcecode.c.objc; path = main.m; sourceTree = "<group>"; };
		BD366FC72AE82ACE0068E36C /* Loader.h */ = {isa = PBXFileReference; fileEncoding = 4; lastKnownFileType = sourcecode.c.h; name = Loader.h; path = ../../Lesson_5/Lesson_5/Loader.h; sourceTree = "<group>"; };
		BD366FC82AE82AD70068E36C /* Loader.m */ = {isa = PBXFileReference; fileEncoding = 4; lastKnownFileType = sourcecode.c.objc; name = Loader.m; path = ../../Lesson_5/Lesson_5/Loader.m; sourceTree = "<group>"; };
		BD8855F02AF431EF00F3365F /* SecondViewController.h */ = {isa = PBXFileReference; lastKnownFileType = sourcecode.c.h; path = SecondViewController.h; sourceTree = "<group>"; };
		BD8855F12AF431EF00F3365F /* SecondViewController.m */ = {isa = PBXFileReference; lastKnownFileType = sourcecode.c.objc; path = SecondViewController.m; sourceTree = "<group>"; };
/* End PBXFileReference section */

/* Begin PBXFrameworksBuildPhase section */
		BD366FA82AE82A430068E36C /* Frameworks */ = {
			isa = PBXFrameworksBuildPhase;
			buildActionMask = 2147483647;
			files = (
			);
			runOnlyForDeploymentPostprocessing = 0;
		};
/* End PBXFrameworksBuildPhase section */

/* Begin PBXGroup section */
		BD366FA22AE82A430068E36C = {
			isa = PBXGroup;
			children = (
				BD366FAD2AE82A430068E36C /* Lesson_5(2) */,
				BD366FAC2AE82A430068E36C /* Products */,
			);
			sourceTree = "<group>";
		};
		BD366FAC2AE82A430068E36C /* Products */ = {
			isa = PBXGroup;
			children = (
				BD366FAB2AE82A430068E36C /* Lesson_5(2).app */,
			);
			name = Products;
			sourceTree = "<group>";
		};
		BD366FAD2AE82A430068E36C /* Lesson_5(2) */ = {
			isa = PBXGroup;
			children = (
				BD366FAE2AE82A430068E36C /* AppDelegate.h */,
				BD366FAF2AE82A430068E36C /* AppDelegate.m */,
				BD366FB12AE82A430068E36C /* SceneDelegate.h */,
				BD366FB22AE82A430068E36C /* SceneDelegate.m */,
				BD366FB42AE82A430068E36C /* ViewController.h */,
				BD366FB52AE82A430068E36C /* ViewController.m */,
				BD366FC72AE82ACE0068E36C /* Loader.h */,
				BD366FC82AE82AD70068E36C /* Loader.m */,
				BD366FB72AE82A430068E36C /* Main.storyboard */,
				BD366FBA2AE82A440068E36C /* Assets.xcassets */,
				BD366FBC2AE82A440068E36C /* LaunchScreen.storyboard */,
				BD366FBF2AE82A440068E36C /* Info.plist */,
				BD366FC02AE82A440068E36C /* main.m */,
				BD8855F02AF431EF00F3365F /* SecondViewController.h */,
				BD8855F12AF431EF00F3365F /* SecondViewController.m */,
			);
			path = "Lesson_5(2)";
			sourceTree = "<group>";
		};
/* End PBXGroup section */

/* Begin PBXNativeTarget section */
		BD366FAA2AE82A430068E36C /* Lesson_5(2) */ = {
			isa = PBXNativeTarget;
			buildConfigurationList = BD366FC42AE82A440068E36C /* Build configuration list for PBXNativeTarget "Lesson_5(2)" */;
			buildPhases = (
				BD366FA72AE82A430068E36C /* Sources */,
				BD366FA82AE82A430068E36C /* Frameworks */,
				BD366FA92AE82A430068E36C /* Resources */,
			);
			buildRules = (
			);
			dependencies = (
			);
			name = "Lesson_5(2)";
			productName = "Lesson_5(2)";
			productReference = BD366FAB2AE82A430068E36C /* Lesson_5(2).app */;
			productType = "com.apple.product-type.application";
		};
/* End PBXNativeTarget section */

/* Begin PBXProject section */
		BD366FA32AE82A430068E36C /* Project object */ = {
			isa = PBXProject;
			attributes = {
				BuildIndependentTargetsInParallel = 1;
				LastUpgradeCheck = 1430;
				TargetAttributes = {
					BD366FAA2AE82A430068E36C = {
						CreatedOnToolsVersion = 14.3.1;
					};
				};
			};
			buildConfigurationList = BD366FA62AE82A430068E36C /* Build configuration list for PBXProject "Lesson_5(2)" */;
			compatibilityVersion = "Xcode 14.0";
			developmentRegion = en;
			hasScannedForEncodings = 0;
			knownRegions = (
				en,
				Base,
			);
			mainGroup = BD366FA22AE82A430068E36C;
			productRefGroup = BD366FAC2AE82A430068E36C /* Products */;
			projectDirPath = "";
			projectRoot = "";
			targets = (
				BD366FAA2AE82A430068E36C /* Lesson_5(2) */,
			);
		};
/* End PBXProject section */

/* Begin PBXResourcesBuildPhase section */
		BD366FA92AE82A430068E36C /* Resources */ = {
			isa = PBXResourcesBuildPhase;
			buildActionMask = 2147483647;
			files = (
				BD366FBE2AE82A440068E36C /* LaunchScreen.storyboard in Resources */,
				BD366FBB2AE82A440068E36C /* Assets.xcassets in Resources */,
				BD366FB92AE82A430068E36C /* Main.storyboard in Resources */,
			);
			runOnlyForDeploymentPostprocessing = 0;
		};
/* End PBXResourcesBuildPhase section */

/* Begin PBXSourcesBuildPhase section */
		BD366FA72AE82A430068E36C /* Sources */ = {
			isa = PBXSourcesBuildPhase;
			buildActionMask = 2147483647;
			files = (
				BD8855F32AF431EF00F3365F /* SecondViewController.m in Sources */,
				BD366FB62AE82A430068E36C /* ViewController.m in Sources */,
				BD366FB02AE82A430068E36C /* AppDelegate.m in Sources */,
				BD366FC12AE82A440068E36C /* main.m in Sources */,
				BD366FB32AE82A430068E36C /* SceneDelegate.m in Sources */,
				BD366FC92AE82AD70068E36C /* Loader.m in Sources */,
			);
			runOnlyForDeploymentPostprocessing = 0;
		};
/* End PBXSourcesBuildPhase section */

/* Begin PBXVariantGroup section */
		BD366FB72AE82A430068E36C /* Main.storyboard */ = {
			isa = PBXVariantGroup;
			children = (
				BD366FB82AE82A430068E36C /* Base */,
			);
			name = Main.storyboard;
			sourceTree = "<group>";
		};
		BD366FBC2AE82A440068E36C /* LaunchScreen.storyboard */ = {
			isa = PBXVariantGroup;
			children = (
				BD366FBD2AE82A440068E36C /* Base */,
			);
			name = LaunchScreen.storyboard;
			sourceTree = "<group>";
		};
/* End PBXVariantGroup section */

/* Begin XCBuildConfiguration section */
		BD366FC22AE82A440068E36C /* Debug */ = {
			isa = XCBuildConfiguration;
			buildSettings = {
				ALWAYS_SEARCH_USER_PATHS = NO;
				CLANG_ANALYZER_NONNULL = YES;
				CLANG_ANALYZER_NUMBER_OBJECT_CONVERSION = YES_AGGRESSIVE;
				CLANG_CXX_LANGUAGE_STANDARD = "gnu++20";
				CLANG_ENABLE_MODULES = YES;
				CLANG_ENABLE_OBJC_ARC = YES;
				CLANG_ENABLE_OBJC_WEAK = YES;
				CLANG_WARN_BLOCK_CAPTURE_AUTORELEASING = YES;
				CLANG_WARN_BOOL_CONVERSION = YES;
				CLANG_WARN_COMMA = YES;
				CLANG_WARN_CONSTANT_CONVERSION = YES;
				CLANG_WARN_DEPRECATED_OBJC_IMPLEMENTATIONS = YES;
				CLANG_WARN_DIRECT_OBJC_ISA_USAGE = YES_ERROR;
				CLANG_WARN_DOCUMENTATION_COMMENTS = YES;
				CLANG_WARN_EMPTY_BODY = YES;
				CLANG_WARN_ENUM_CONVERSION = YES;
				CLANG_WARN_INFINITE_RECURSION = YES;
				CLANG_WARN_INT_CONVERSION = YES;
				CLANG_WARN_NON_LITERAL_NULL_CONVERSION = YES;
				CLANG_WARN_OBJC_IMPLICIT_RETAIN_SELF = YES;
				CLANG_WARN_OBJC_LITERAL_CONVERSION = YES;
				CLANG_WARN_OBJC_ROOT_CLASS = YES_ERROR;
				CLANG_WARN_QUOTED_INCLUDE_IN_FRAMEWORK_HEADER = YES;
				CLANG_WARN_RANGE_LOOP_ANALYSIS = YES;
				CLANG_WARN_STRICT_PROTOTYPES = YES;
				CLANG_WARN_SUSPICIOUS_MOVE = YES;
				CLANG_WARN_UNGUARDED_AVAILABILITY = YES_AGGRESSIVE;
				CLANG_WARN_UNREACHABLE_CODE = YES;
				CLANG_WARN__DUPLICATE_METHOD_MATCH = YES;
				COPY_PHASE_STRIP = NO;
				DEBUG_INFORMATION_FORMAT = dwarf;
				ENABLE_STRICT_OBJC_MSGSEND = YES;
				ENABLE_TESTABILITY = YES;
				GCC_C_LANGUAGE_STANDARD = gnu11;
				GCC_DYNAMIC_NO_PIC = NO;
				GCC_NO_COMMON_BLOCKS = YES;
				GCC_OPTIMIZATION_LEVEL = 0;
				GCC_PREPROCESSOR_DEFINITIONS = (
					"DEBUG=1",
					"$(inherited)",
				);
				GCC_WARN_64_TO_32_BIT_CONVERSION = YES;
				GCC_WARN_ABOUT_RETURN_TYPE = YES_ERROR;
				GCC_WARN_UNDECLARED_SELECTOR = YES;
				GCC_WARN_UNINITIALIZED_AUTOS = YES_AGGRESSIVE;
				GCC_WARN_UNUSED_FUNCTION = YES;
				GCC_WARN_UNUSED_VARIABLE = YES;
				IPHONEOS_DEPLOYMENT_TARGET = 16.4;
				MTL_ENABLE_DEBUG_INFO = INCLUDE_SOURCE;
				MTL_FAST_MATH = YES;
				ONLY_ACTIVE_ARCH = YES;
				SDKROOT = iphoneos;
			};
			name = Debug;
		};
		BD366FC32AE82A440068E36C /* Release */ = {
			isa = XCBuildConfiguration;
			buildSettings = {
				ALWAYS_SEARCH_USER_PATHS = NO;
				CLANG_ANALYZER_NONNULL = YES;
				CLANG_ANALYZER_NUMBER_OBJECT_CONVERSION = YES_AGGRESSIVE;
				CLANG_CXX_LANGUAGE_STANDARD = "gnu++20";
				CLANG_ENABLE_MODULES = YES;
				CLANG_ENABLE_OBJC_ARC = YES;
				CLANG_ENABLE_OBJC_WEAK = YES;
				CLANG_WARN_BLOCK_CAPTURE_AUTORELEASING = YES;
				CLANG_WARN_BOOL_CONVERSION = YES;
				CLANG_WARN_COMMA = YES;
				CLANG_WARN_CONSTANT_CONVERSION = YES;
				CLANG_WARN_DEPRECATED_OBJC_IMPLEMENTATIONS = YES;
				CLANG_WARN_DIRECT_OBJC_ISA_USAGE = YES_ERROR;
				CLANG_WARN_DOCUMENTATION_COMMENTS = YES;
				CLANG_WARN_EMPTY_BODY = YES;
				CLANG_WARN_ENUM_CONVERSION = YES;
				CLANG_WARN_INFINITE_RECURSION = YES;
				CLANG_WARN_INT_CONVERSION = YES;
				CLANG_WARN_NON_LITERAL_NULL_CONVERSION = YES;
				CLANG_WARN_OBJC_IMPLICIT_RETAIN_SELF = YES;
				CLANG_WARN_OBJC_LITERAL_CONVERSION = YES;
				CLANG_WARN_OBJC_ROOT_CLASS = YES_ERROR;
				CLANG_WARN_QUOTED_INCLUDE_IN_FRAMEWORK_HEADER = YES;
				CLANG_WARN_RANGE_LOOP_ANALYSIS = YES;
				CLANG_WARN_STRICT_PROTOTYPES = YES;
				CLANG_WARN_SUSPICIOUS_MOVE = YES;
				CLANG_WARN_UNGUARDED_AVAILABILITY = YES_AGGRESSIVE;
				CLANG_WARN_UNREACHABLE_CODE = YES;
				CLANG_WARN__DUPLICATE_METHOD_MATCH = YES;
				COPY_PHASE_STRIP = NO;
				DEBUG_INFORMATION_FORMAT = "dwarf-with-dsym";
				ENABLE_NS_ASSERTIONS = NO;
				ENABLE_STRICT_OBJC_MSGSEND = YES;
				GCC_C_LANGUAGE_STANDARD = gnu11;
				GCC_NO_COMMON_BLOCKS = YES;
				GCC_WARN_64_TO_32_BIT_CONVERSION = YES;
				GCC_WARN_ABOUT_RETURN_TYPE = YES_ERROR;
				GCC_WARN_UNDECLARED_SELECTOR = YES;
				GCC_WARN_UNINITIALIZED_AUTOS = YES_AGGRESSIVE;
				GCC_WARN_UNUSED_FUNCTION = YES;
				GCC_WARN_UNUSED_VARIABLE = YES;
				IPHONEOS_DEPLOYMENT_TARGET = 16.4;
				MTL_ENABLE_DEBUG_INFO = NO;
				MTL_FAST_MATH = YES;
				SDKROOT = iphoneos;
				VALIDATE_PRODUCT = YES;
			};
			name = Release;
		};
		BD366FC52AE82A440068E36C /* Debug */ = {
			isa = XCBuildConfiguration;
			buildSettings = {
				ASSETCATALOG_COMPILER_APPICON_NAME = AppIcon;
				ASSETCATALOG_COMPILER_GLOBAL_ACCENT_COLOR_NAME = AccentColor;
				CODE_SIGN_STYLE = Automatic;
				CURRENT_PROJECT_VERSION = 1;
				DEVELOPMENT_TEAM = LXHC5L2843;
				GENERATE_INFOPLIST_FILE = YES;
				INFOPLIST_FILE = "Lesson_5(2)/Info.plist";
				INFOPLIST_KEY_UIApplicationSupportsIndirectInputEvents = YES;
				INFOPLIST_KEY_UILaunchStoryboardName = LaunchScreen;
				INFOPLIST_KEY_UIMainStoryboardFile = Main;
				INFOPLIST_KEY_UISupportedInterfaceOrientations_iPad = "UIInterfaceOrientationPortrait UIInterfaceOrientationPortraitUpsideDown UIInterfaceOrientationLandscapeLeft UIInterfaceOrientationLandscapeRight";
				INFOPLIST_KEY_UISupportedInterfaceOrientations_iPhone = "UIInterfaceOrientationPortrait UIInterfaceOrientationLandscapeLeft UIInterfaceOrientationLandscapeRight";
				LD_RUNPATH_SEARCH_PATHS = (
					"$(inherited)",
					"@executable_path/Frameworks",
				);
				MARKETING_VERSION = 1.0;
				PRODUCT_BUNDLE_IDENTIFIER = "ru.NataKuznetsova.geekbrains.Lesson-5-2-";
				PRODUCT_NAME = "$(TARGET_NAME)";
				SWIFT_EMIT_LOC_STRINGS = YES;
				TARGETED_DEVICE_FAMILY = "1,2";
			};
			name = Debug;
		};
		BD366FC62AE82A440068E36C /* Release */ = {
			isa = XCBuildConfiguration;
			buildSettings = {
				ASSETCATALOG_COMPILER_APPICON_NAME = AppIcon;
				ASSETCATALOG_COMPILER_GLOBAL_ACCENT_COLOR_NAME = AccentColor;
				CODE_SIGN_STYLE = Automatic;
				CURRENT_PROJECT_VERSION = 1;
				DEVELOPMENT_TEAM = LXHC5L2843;
				GENERATE_INFOPLIST_FILE = YES;
				INFOPLIST_FILE = "Lesson_5(2)/Info.plist";
				INFOPLIST_KEY_UIApplicationSupportsIndirectInputEvents = YES;
				INFOPLIST_KEY_UILaunchStoryboardName = LaunchScreen;
				INFOPLIST_KEY_UIMainStoryboardFile = Main;
				INFOPLIST_KEY_UISupportedInterfaceOrientations_iPad = "UIInterfaceOrientationPortrait UIInterfaceOrientationPortraitUpsideDown UIInterfaceOrientationLandscapeLeft UIInterfaceOrientationLandscapeRight";
				INFOPLIST_KEY_UISupportedInterfaceOrientations_iPhone = "UIInterfaceOrientationPortrait UIInterfaceOrientationLandscapeLeft UIInterfaceOrientationLandscapeRight";
				LD_RUNPATH_SEARCH_PATHS = (
					"$(inherited)",
					"@executable_path/Frameworks",
				);
				MARKETING_VERSION = 1.0;
				PRODUCT_BUNDLE_IDENTIFIER = "ru.NataKuznetsova.geekbrains.Lesson-5-2-";
				PRODUCT_NAME = "$(TARGET_NAME)";
				SWIFT_EMIT_LOC_STRINGS = YES;
				TARGETED_DEVICE_FAMILY = "1,2";
			};
			name = Release;
		};
/* End XCBuildConfiguration section */

/* Begin XCConfigurationList section */
		BD366FA62AE82A430068E36C /* Build configuration list for PBXProject "Lesson_5(2)" */ = {
			isa = XCConfigurationList;
			buildConfigurations = (
				BD366FC22AE82A440068E36C /* Debug */,
				BD366FC32AE82A440068E36C /* Release */,
			);
			defaultConfigurationIsVisible = 0;
			defaultConfigurationName = Release;
		};
		BD366FC42AE82A440068E36C /* Build configuration list for PBXNativeTarget "Lesson_5(2)" */ = {
			isa = XCConfigurationList;
			buildConfigurations = (
				BD366FC52AE82A440068E36C /* Debug */,
				BD366FC62AE82A440068E36C /* Release */,
			);
			defaultConfigurationIsVisible = 0;
			defaultConfigurationName = Release;
		};
/* End XCConfigurationList section */
	};
	rootObject = BD366FA32AE82A430068E36C /* Project object */;
}
